{
  "version": 4,
  "terraform_version": "1.5.4",
  "serial": 9,
  "lineage": "b9c069fc-7bd8-9965-b6a3-90ee82eff65c",
  "outputs": {},
  "resources": [
    {
      "mode": "managed",
      "type": "local_file",
      "name": "file",
      "provider": "provider[\"registry.terraform.io/hashicorp/local\"]",
      "instances": [
        {
          "schema_version": 0,
          "attributes": {
            "content": "0NU(5m9+1y$f",
            "content_base64": null,
            "content_base64sha256": "4DT20t9LUZaIpnpumyWaGvTURDcWdHfXbPveEFG5JO8=",
            "content_base64sha512": "hKCv+Vzyn7KbasVf7QhOJXfeiLF9dDiuMpTYXW/ptCnIgdM5edZnmmBs76PVGKeJuHl40ssCnHLSjBQ23PdTzg==",
            "content_md5": "883c77e1174a091e3b8709016b364264",
            "content_sha1": "072d58f2c17bde03128040a1c31324a7c477ce4e",
            "content_sha256": "e034f6d2df4b519688a67a6e9b259a1af4d44437167477d76cfbde1051b924ef",
            "content_sha512": "84a0aff95cf29fb29b6ac55fed084e2577de88b17d7438ae3294d85d6fe9b429c881d33979d6679a606cefa3d518a789b87978d2cb029c72d28c1436dcf753ce",
            "directory_permission": "0777",
            "file_permission": "770",
            "filename": "./random_text",
            "id": "072d58f2c17bde03128040a1c31324a7c477ce4e",
            "sensitive_content": null,
            "source": null
          },
          "sensitive_attributes": [],
          "dependencies": [
            "random_string.string"
          ]
        }
      ]
    },
    {
      "mode": "managed",
      "type": "random_string",
      "name": "string",
      "provider": "provider[\"registry.terraform.io/hashicorp/random\"]",
      "instances": [
        {
          "schema_version": 2,
          "attributes": {
            "id": "0NU(5m9+1y$f",
            "keepers": {
              "length": "12"
            },
            "length": 12,
            "lower": true,
            "min_lower": 0,
            "min_numeric": 0,
            "min_special": 0,
            "min_upper": 0,
            "number": true,
            "numeric": true,
            "override_special": null,
            "result": "0NU(5m9+1y$f",
            "special": true,
            "upper": true
          },
          "sensitive_attributes": [],
          "create_before_destroy": true
        }
      ]
    }
  ],
  "check_results": null
}
