{
  "version": 4,
  "terraform_version": "1.5.4",
  "serial": 3,
  "lineage": "26ed07df-0940-3217-7984-0be2175736e8",
  "outputs": {},
  "resources": [
    {
      "mode": "managed",
      "type": "local_file",
      "name": "games",
      "provider": "provider[\"registry.terraform.io/hashicorp/local\"]",
      "instances": [
        {
          "schema_version": 0,
          "attributes": {
            "content": "I love Horizon Forbidden West",
            "content_base64": null,
            "content_base64sha256": "QlzHgle2khq7fsXOiOKmz+QKpG48T/raCS2EKznNsxI=",
            "content_base64sha512": "lciYt0nvaMdfXtiHtLXah109jPARGm3ObREBy3FOpGgDtRcz1uxpqOuFIoTJU7kRC2l1LjnHibrKDscz01LZGg==",
            "content_md5": "2e13c15674867b3859de41d82f3aaf0b",
            "content_sha1": "c20e34d77f7a9648b8690cfa0f437b8d9378ec9f",
            "content_sha256": "425cc78257b6921abb7ec5ce88e2a6cfe40aa46e3c4ffada092d842b39cdb312",
            "content_sha512": "95c898b749ef68c75f5ed887b4b5da875d3d8cf0111a6dce6d1101cb714ea46803b51733d6ec69a8eb852284c953b9110b69752e39c789baca0ec733d352d91a",
            "directory_permission": "0777",
            "file_permission": "0777",
            "filename": "./games",
            "id": "c20e34d77f7a9648b8690cfa0f437b8d9378ec9f",
            "sensitive_content": null,
            "source": null
          },
          "sensitive_attributes": []
        }
      ]
    },
    {
      "mode": "managed",
      "type": "local_sensitive_file",
      "name": "games_sensitive",
      "provider": "provider[\"registry.terraform.io/hashicorp/local\"]",
      "instances": [
        {
          "schema_version": 0,
          "attributes": {
            "content": "God of War Ragnorok",
            "content_base64": null,
            "content_base64sha256": "0P3z2qnlLDfYzr9pa841ll7zRX7OJ0qtsNh38olAyfA=",
            "content_base64sha512": "qaPOAHLKaYHa1u7ngqRwVRrykX6wvoRr88HQcRU7yTPiiRN96vY4I931Qr3E+TRrsKfJkO6LDtv8agyb7cjaYg==",
            "content_md5": "a4f497a9b4875df501da8725f533eb20",
            "content_sha1": "cb15fe27a57c102c5bef8724b6d369c7b4839e60",
            "content_sha256": "d0fdf3daa9e52c37d8cebf696bce35965ef3457ece274aadb0d877f28940c9f0",
            "content_sha512": "a9a3ce0072ca6981dad6eee782a470551af2917eb0be846bf3c1d071153bc933e289137deaf63823ddf542bdc4f9346bb0a7c990ee8b0edbfc6a0c9bedc8da62",
            "directory_permission": "0700",
            "file_permission": "0700",
            "filename": "./games_sensitive",
            "id": "cb15fe27a57c102c5bef8724b6d369c7b4839e60",
            "source": null
          },
          "sensitive_attributes": []
        }
      ]
    }
  ],
  "check_results": null
}
